{
  "version": 4,
  "terraform_version": "1.3.7",
  "serial": 4,
  "lineage": "ca6d76b1-0d33-b406-a02d-2cf0d065c71c",
  "outputs": {
    "my_local_filename": {
      "value": "./my_local_file.txt",
      "type": "string"
    }
  },
  "resources": [
    {
      "mode": "managed",
      "type": "local_file",
      "name": "my_local_file",
      "provider": "provider[\"registry.terraform.io/hashicorp/local\"]",
      "instances": [
        {
          "schema_version": 0,
          "attributes": {
            "content": "We love Pets!!",
            "content_base64": null,
            "directory_permission": "0777",
            "file_permission": "0777",
            "filename": "./my_local_file.txt",
            "id": "41610eb3392bd24a459b8db8eda9018e71b07857",
            "sensitive_content": null,
            "source": null
          },
          "sensitive_attributes": []
        }
      ]
    }
  ],
  "check_results": null
}
