{
  "version": 4,
  "terraform_version": "1.3.7",
  "serial": 6,
  "lineage": "d7e2bd51-025f-303b-2263-ffc038941d02",
  "outputs": {},
  "resources": [
    {
      "mode": "managed",
      "type": "local_file",
      "name": "my-local-file",
      "provider": "provider[\"registry.terraform.io/hashicorp/local\"]",
      "instances": [
        {
          "schema_version": 0,
          "attributes": {
            "content": "We love Pets!!",
            "content_base64": null,
            "directory_permission": "0777",
            "file_permission": "0777",
            "filename": "./my_local_file.txt",
            "id": "41610eb3392bd24a459b8db8eda9018e71b07857",
            "sensitive_content": null,
            "source": null
          },
          "sensitive_attributes": []
        }
      ]
    },
    {
      "mode": "managed",
      "type": "random_pet",
      "name": "my-pet",
      "provider": "provider[\"registry.terraform.io/hashicorp/random\"]",
      "instances": [
        {
          "schema_version": 0,
          "attributes": {
            "id": "Mrs.dinosaur",
            "keepers": null,
            "length": 1,
            "prefix": "Mrs",
            "separator": "."
          },
          "sensitive_attributes": []
        }
      ]
    }
  ],
  "check_results": null
}
